
Microsoft Visual Studio Solution File, Format Version 12.00
# Visual Studio Version 16
VisualStudioVersion = 16.0.29911.84
MinimumVisualStudioVersion = 10.0.40219.1
Project("{9A19103F-16F7-4668-BE54-9A1E7A4F7556}") = "AVRadioWorkflow", "AVRadioWorkflow\AVRadioWorkflow.csproj", "{0F669CEA-01CD-4C12-A746-9A040C0A92EF}"
EndProject
Project("{9A19103F-16F7-4668-BE54-9A1E7A4F7556}") = "NeSchedularAbstractions", "neDockerSchedular\NeSchedularAbstractions\NeSchedularAbstractions.csproj", "{F7F4D542-CCF8-48AB-A5FB-43BE67129A78}"
EndProject
Project("{9A19103F-16F7-4668-BE54-9A1E7A4F7556}") = "schedularServer", "neDockerSchedular\schedularServer\schedularServer.csproj", "{EC2B46BA-5684-40F8-AC07-84516F305562}"
	ProjectSection(ProjectDependencies) = postProject
		{F7F4D542-CCF8-48AB-A5FB-43BE67129A78} = {F7F4D542-CCF8-48AB-A5FB-43BE67129A78}
	EndProjectSection
EndProject
Project("{9A19103F-16F7-4668-BE54-9A1E7A4F7556}") = "Microsoft.Extensions.Logging.Slack", "neDockerSchedular\slack\Microsoft.Extensions.Logging.Slack\Microsoft.Extensions.Logging.Slack.csproj", "{41BD0FB3-8B7E-42C8-AE77-0B4E39D8B246}"
EndProject
Global
	GlobalSection(SolutionConfigurationPlatforms) = preSolution
		Debug|Any CPU = Debug|Any CPU
		Release|Any CPU = Release|Any CPU
	EndGlobalSection
	GlobalSection(ProjectConfigurationPlatforms) = postSolution
		{0F669CEA-01CD-4C12-A746-9A040C0A92EF}.Debug|Any CPU.ActiveCfg = Debug|Any CPU
		{0F669CEA-01CD-4C12-A746-9A040C0A92EF}.Debug|Any CPU.Build.0 = Debug|Any CPU
		{0F669CEA-01CD-4C12-A746-9A040C0A92EF}.Release|Any CPU.ActiveCfg = Release|Any CPU
		{0F669CEA-01CD-4C12-A746-9A040C0A92EF}.Release|Any CPU.Build.0 = Release|Any CPU
		{F7F4D542-CCF8-48AB-A5FB-43BE67129A78}.Debug|Any CPU.ActiveCfg = Debug|Any CPU
		{F7F4D542-CCF8-48AB-A5FB-43BE67129A78}.Debug|Any CPU.Build.0 = Debug|Any CPU
		{F7F4D542-CCF8-48AB-A5FB-43BE67129A78}.Release|Any CPU.ActiveCfg = Release|Any CPU
		{F7F4D542-CCF8-48AB-A5FB-43BE67129A78}.Release|Any CPU.Build.0 = Release|Any CPU
		{EC2B46BA-5684-40F8-AC07-84516F305562}.Debug|Any CPU.ActiveCfg = Debug|Any CPU
		{EC2B46BA-5684-40F8-AC07-84516F305562}.Debug|Any CPU.Build.0 = Debug|Any CPU
		{EC2B46BA-5684-40F8-AC07-84516F305562}.Release|Any CPU.ActiveCfg = Release|Any CPU
		{EC2B46BA-5684-40F8-AC07-84516F305562}.Release|Any CPU.Build.0 = Release|Any CPU
		{41BD0FB3-8B7E-42C8-AE77-0B4E39D8B246}.Debug|Any CPU.ActiveCfg = Debug|Any CPU
		{41BD0FB3-8B7E-42C8-AE77-0B4E39D8B246}.Debug|Any CPU.Build.0 = Debug|Any CPU
		{41BD0FB3-8B7E-42C8-AE77-0B4E39D8B246}.Release|Any CPU.ActiveCfg = Release|Any CPU
		{41BD0FB3-8B7E-42C8-AE77-0B4E39D8B246}.Release|Any CPU.Build.0 = Release|Any CPU
	EndGlobalSection
	GlobalSection(SolutionProperties) = preSolution
		HideSolutionNode = FALSE
	EndGlobalSection
	GlobalSection(ExtensibilityGlobals) = postSolution
		SolutionGuid = {329DA37D-F472-4810-BA3D-9761F1833DF9}
	EndGlobalSection
EndGlobal
